
Microsoft Visual Studio Solution File, Format Version 12.00
# Visual Studio Version 17
VisualStudioVersion = 17.14.36414.22
MinimumVisualStudioVersion = 10.0.40219.1
Project("{2150E333-8FDC-42A3-9474-1A3956D46DE8}") = "Task1", "Task1", "{25715C54-78BD-4DAE-AE9A-38421836CCA7}"
EndProject
Project("{2150E333-8FDC-42A3-9474-1A3956D46DE8}") = "Task0", "Task0", "{02EA681E-C7D8-13C7-8484-4AC65E1B71E8}"
EndProject
Project("{FAE04EC0-301F-11D3-BF4B-00C04F79EFBC}") = "Tyuiu.GolovanovDO.Sprint1.Task0.V30", "Tyuiu.GolovanovDO.Sprint1.Task0.V30\Tyuiu.GolovanovDO.Sprint1.Task0.V30.csproj", "{B8FD2F11-0227-4CA8-9835-33FC5DF4023D}"
EndProject
Project("{FAE04EC0-301F-11D3-BF4B-00C04F79EFBC}") = "Tyuiu.GolovanovDO.Sprint1.Task0.V30.Lib", "Tyuiu.GolovanovDO.Sprint1.Task0.V30.Lib\Tyuiu.GolovanovDO.Sprint1.Task0.V30.Lib.csproj", "{173DC88D-83B8-4D92-BC35-0FF93912C844}"
EndProject
Project("{FAE04EC0-301F-11D3-BF4B-00C04F79EFBC}") = "Tyuiu.GolovanovDO.Sprint1.Task0.V30.Test", "Tyuiu.GolovanovDO.Sprint1.Task0.V30.Test\Tyuiu.GolovanovDO.Sprint1.Task0.V30.Test.csproj", "{031C80F1-470A-4555-A0EE-E75E1D6AB717}"
EndProject
Global
	GlobalSection(SolutionConfigurationPlatforms) = preSolution
		Debug|Any CPU = Debug|Any CPU
		Release|Any CPU = Release|Any CPU
	EndGlobalSection
	GlobalSection(ProjectConfigurationPlatforms) = postSolution
		{B8FD2F11-0227-4CA8-9835-33FC5DF4023D}.Debug|Any CPU.ActiveCfg = Debug|Any CPU
		{B8FD2F11-0227-4CA8-9835-33FC5DF4023D}.Debug|Any CPU.Build.0 = Debug|Any CPU
		{B8FD2F11-0227-4CA8-9835-33FC5DF4023D}.Release|Any CPU.ActiveCfg = Release|Any CPU
		{B8FD2F11-0227-4CA8-9835-33FC5DF4023D}.Release|Any CPU.Build.0 = Release|Any CPU
		{173DC88D-83B8-4D92-BC35-0FF93912C844}.Debug|Any CPU.ActiveCfg = Debug|Any CPU
		{173DC88D-83B8-4D92-BC35-0FF93912C844}.Debug|Any CPU.Build.0 = Debug|Any CPU
		{173DC88D-83B8-4D92-BC35-0FF93912C844}.Release|Any CPU.ActiveCfg = Release|Any CPU
		{173DC88D-83B8-4D92-BC35-0FF93912C844}.Release|Any CPU.Build.0 = Release|Any CPU
		{031C80F1-470A-4555-A0EE-E75E1D6AB717}.Debug|Any CPU.ActiveCfg = Debug|Any CPU
		{031C80F1-470A-4555-A0EE-E75E1D6AB717}.Debug|Any CPU.Build.0 = Debug|Any CPU
		{031C80F1-470A-4555-A0EE-E75E1D6AB717}.Release|Any CPU.ActiveCfg = Release|Any CPU
		{031C80F1-470A-4555-A0EE-E75E1D6AB717}.Release|Any CPU.Build.0 = Release|Any CPU
	EndGlobalSection
	GlobalSection(SolutionProperties) = preSolution
		HideSolutionNode = FALSE
	EndGlobalSection
	GlobalSection(NestedProjects) = preSolution
		{B8FD2F11-0227-4CA8-9835-33FC5DF4023D} = {02EA681E-C7D8-13C7-8484-4AC65E1B71E8}
		{173DC88D-83B8-4D92-BC35-0FF93912C844} = {02EA681E-C7D8-13C7-8484-4AC65E1B71E8}
		{031C80F1-470A-4555-A0EE-E75E1D6AB717} = {02EA681E-C7D8-13C7-8484-4AC65E1B71E8}
	EndGlobalSection
	GlobalSection(ExtensibilityGlobals) = postSolution
		SolutionGuid = {23F2134B-5A00-44F3-BCE8-919B238B33F4}
	EndGlobalSection
EndGlobal
